Microsoft Visual Studio Solution File, Format Version 12.00
# Visual Studio Version 17
VisualStudioVersion = 17.5.2.0
MinimumVisualStudioVersion = 10.0.40219.1
Project("{FAE04EC0-301F-11D3-BF4B-00C04F79EFBC}") = "WebService", "WebService\WebService.csproj", "{970C54AB-0413-630A-A205-8865AEAEAA88}"
EndProject
Global
	GlobalSection(SolutionConfigurationPlatforms) = preSolution
		Debug|Any CPU = Debug|Any CPU
		Release|Any CPU = Release|Any CPU
	EndGlobalSection
	GlobalSection(ProjectConfigurationPlatforms) = postSolution
		{970C54AB-0413-630A-A205-8865AEAEAA88}.Debug|Any CPU.ActiveCfg = Debug|Any CPU
		{970C54AB-0413-630A-A205-8865AEAEAA88}.Debug|Any CPU.Build.0 = Debug|Any CPU
		{970C54AB-0413-630A-A205-8865AEAEAA88}.Release|Any CPU.ActiveCfg = Release|Any CPU
		{970C54AB-0413-630A-A205-8865AEAEAA88}.Release|Any CPU.Build.0 = Release|Any CPU
	EndGlobalSection
	GlobalSection(SolutionProperties) = preSolution
		HideSolutionNode = FALSE
	EndGlobalSection
	GlobalSection(ExtensibilityGlobals) = postSolution
		SolutionGuid = {76BCB942-8A3F-4AEE-AB6F-1D5EE3D9F229}
	EndGlobalSection
EndGlobal
